// !$*UTF8*$!
{
	archiveVersion = 1;
	classes = {
	};
	objectVersion = 50;
	objects = {

/* Begin PBXBuildFile section */
		44238AF225E3FD8300D95E9D /* AppDelegate.swift in Sources */ = {isa = PBXBuildFile; fileRef = 44238AF125E3FD8300D95E9D /* AppDelegate.swift */; };
		44238AF425E3FD8300D95E9D /* SceneDelegate.swift in Sources */ = {isa = PBXBuildFile; fileRef = 44238AF325E3FD8300D95E9D /* SceneDelegate.swift */; };
		44238AF625E3FD8300D95E9D /* ViewController.swift in Sources */ = {isa = PBXBuildFile; fileRef = 44238AF525E3FD8300D95E9D /* ViewController.swift */; };
		44238AF925E3FD8300D95E9D /* Main.storyboard in Resources */ = {isa = PBXBuildFile; fileRef = 44238AF725E3FD8300D95E9D /* Main.storyboard */; };
		44238AFB25E3FD8700D95E9D /* Assets.xcassets in Resources */ = {isa = PBXBuildFile; fileRef = 44238AFA25E3FD8700D95E9D /* Assets.xcassets */; };
		44238AFE25E3FD8700D95E9D /* LaunchScreen.storyboard in Resources */ = {isa = PBXBuildFile; fileRef = 44238AFC25E3FD8700D95E9D /* LaunchScreen.storyboard */; };
		44238B0925E3FD8700D95E9D /* TwoViewControllersTests.swift in Sources */ = {isa = PBXBuildFile; fileRef = 44238B0825E3FD8700D95E9D /* TwoViewControllersTests.swift */; };
		44238B1425E3FD8700D95E9D /* TwoViewControllersUITests.swift in Sources */ = {isa = PBXBuildFile; fileRef = 44238B1325E3FD8700D95E9D /* TwoViewControllersUITests.swift */; };
		44238B2525E4004000D95E9D /* SecondViewController.swift in Sources */ = {isa = PBXBuildFile; fileRef = 44238B2425E4004000D95E9D /* SecondViewController.swift */; };
		44238B2A25E4048000D95E9D /* penne.jpeg in Resources */ = {isa = PBXBuildFile; fileRef = 44238B2925E4048000D95E9D /* penne.jpeg */; };
		44238B2F25E4070600D95E9D /* unchecked-checkbox.png in Resources */ = {isa = PBXBuildFile; fileRef = 44238B2E25E4070600D95E9D /* unchecked-checkbox.png */; };
		44238B3525E8633400D95E9D /* wine.jpg in Resources */ = {isa = PBXBuildFile; fileRef = 44238B3325E8633300D95E9D /* wine.jpg */; };
		44238B3625E8633400D95E9D /* salad.jpg in Resources */ = {isa = PBXBuildFile; fileRef = 44238B3425E8633300D95E9D /* salad.jpg */; };
		44238B3B25E8639300D95E9D /* salad1.jpg in Resources */ = {isa = PBXBuildFile; fileRef = 44238B3A25E8639300D95E9D /* salad1.jpg */; };
/* End PBXBuildFile section */

/* Begin PBXContainerItemProxy section */
		44238B0525E3FD8700D95E9D /* PBXContainerItemProxy */ = {
			isa = PBXContainerItemProxy;
			containerPortal = 44238AE625E3FD8300D95E9D /* Project object */;
			proxyType = 1;
			remoteGlobalIDString = 44238AED25E3FD8300D95E9D;
			remoteInfo = TwoViewControllers;
		};
		44238B1025E3FD8700D95E9D /* PBXContainerItemProxy */ = {
			isa = PBXContainerItemProxy;
			containerPortal = 44238AE625E3FD8300D95E9D /* Project object */;
			proxyType = 1;
			remoteGlobalIDString = 44238AED25E3FD8300D95E9D;
			remoteInfo = TwoViewControllers;
		};
/* End PBXContainerItemProxy section */

/* Begin PBXFileReference section */
		44238AEE25E3FD8300D95E9D /* TwoViewControllers.app */ = {isa = PBXFileReference; explicitFileType = wrapper.application; includeInIndex = 0; path = TwoViewControllers.app; sourceTree = BUILT_PRODUCTS_DIR; };
		44238AF125E3FD8300D95E9D /* AppDelegate.swift */ = {isa = PBXFileReference; lastKnownFileType = sourcecode.swift; path = AppDelegate.swift; sourceTree = "<group>"; };
		44238AF325E3FD8300D95E9D /* SceneDelegate.swift */ = {isa = PBXFileReference; lastKnownFileType = sourcecode.swift; path = SceneDelegate.swift; sourceTree = "<group>"; };
		44238AF525E3FD8300D95E9D /* ViewController.swift */ = {isa = PBXFileReference; lastKnownFileType = sourcecode.swift; path = ViewController.swift; sourceTree = "<group>"; };
		44238AF825E3FD8300D95E9D /* Base */ = {isa = PBXFileReference; lastKnownFileType = file.storyboard; name = Base; path = Base.lproj/Main.storyboard; sourceTree = "<group>"; };
		44238AFA25E3FD8700D95E9D /* Assets.xcassets */ = {isa = PBXFileReference; lastKnownFileType = folder.assetcatalog; path = Assets.xcassets; sourceTree = "<group>"; };
		44238AFD25E3FD8700D95E9D /* Base */ = {isa = PBXFileReference; lastKnownFileType = file.storyboard; name = Base; path = Base.lproj/LaunchScreen.storyboard; sourceTree = "<group>"; };
		44238AFF25E3FD8700D95E9D /* Info.plist */ = {isa = PBXFileReference; lastKnownFileType = text.plist.xml; path = Info.plist; sourceTree = "<group>"; };
		44238B0425E3FD8700D95E9D /* TwoViewControllersTests.xctest */ = {isa = PBXFileReference; explicitFileType = wrapper.cfbundle; includeInIndex = 0; path = TwoViewControllersTests.xctest; sourceTree = BUILT_PRODUCTS_DIR; };
		44238B0825E3FD8700D95E9D /* TwoViewControllersTests.swift */ = {isa = PBXFileReference; lastKnownFileType = sourcecode.swift; path = TwoViewControllersTests.swift; sourceTree = "<group>"; };
		44238B0A25E3FD8700D95E9D /* Info.plist */ = {isa = PBXFileReference; lastKnownFileType = text.plist.xml; path = Info.plist; sourceTree = "<group>"; };
		44238B0F25E3FD8700D95E9D /* TwoViewControllersUITests.xctest */ = {isa = PBXFileReference; explicitFileType = wrapper.cfbundle; includeInIndex = 0; path = TwoViewControllersUITests.xctest; sourceTree = BUILT_PRODUCTS_DIR; };
		44238B1325E3FD8700D95E9D /* TwoViewControllersUITests.swift */ = {isa = PBXFileReference; lastKnownFileType = sourcecode.swift; path = TwoViewControllersUITests.swift; sourceTree = "<group>"; };
		44238B1525E3FD8700D95E9D /* Info.plist */ = {isa = PBXFileReference; lastKnownFileType = text.plist.xml; path = Info.plist; sourceTree = "<group>"; };
		44238B2425E4004000D95E9D /* SecondViewController.swift */ = {isa = PBXFileReference; lastKnownFileType = sourcecode.swift; path = SecondViewController.swift; sourceTree = "<group>"; };
		44238B2925E4048000D95E9D /* penne.jpeg */ = {isa = PBXFileReference; lastKnownFileType = image.jpeg; path = penne.jpeg; sourceTree = "<group>"; };
		44238B2E25E4070600D95E9D /* unchecked-checkbox.png */ = {isa = PBXFileReference; lastKnownFileType = image.png; path = "unchecked-checkbox.png"; sourceTree = "<group>"; };
		44238B3325E8633300D95E9D /* wine.jpg */ = {isa = PBXFileReference; lastKnownFileType = image.jpeg; path = wine.jpg; sourceTree = "<group>"; };
		44238B3425E8633300D95E9D /* salad.jpg */ = {isa = PBXFileReference; lastKnownFileType = image.jpeg; path = salad.jpg; sourceTree = "<group>"; };
		44238B3A25E8639300D95E9D /* salad1.jpg */ = {isa = PBXFileReference; lastKnownFileType = image.jpeg; path = salad1.jpg; sourceTree = "<group>"; };
/* End PBXFileReference section */

/* Begin PBXFrameworksBuildPhase section */
		44238AEB25E3FD8300D95E9D /* Frameworks */ = {
			isa = PBXFrameworksBuildPhase;
			buildActionMask = 2147483647;
			files = (
			);
			runOnlyForDeploymentPostprocessing = 0;
		};
		44238B0125E3FD8700D95E9D /* Frameworks */ = {
			isa = PBXFrameworksBuildPhase;
			buildActionMask = 2147483647;
			files = (
			);
			runOnlyForDeploymentPostprocessing = 0;
		};
		44238B0C25E3FD8700D95E9D /* Frameworks */ = {
			isa = PBXFrameworksBuildPhase;
			buildActionMask = 2147483647;
			files = (
			);
			runOnlyForDeploymentPostprocessing = 0;
		};
/* End PBXFrameworksBuildPhase section */

/* Begin PBXGroup section */
		44238AE525E3FD8300D95E9D = {
			isa = PBXGroup;
			children = (
				44238AF025E3FD8300D95E9D /* TwoViewControllers */,
				44238B0725E3FD8700D95E9D /* TwoViewControllersTests */,
				44238B1225E3FD8700D95E9D /* TwoViewControllersUITests */,
				44238AEF25E3FD8300D95E9D /* Products */,
			);
			sourceTree = "<group>";
		};
		44238AEF25E3FD8300D95E9D /* Products */ = {
			isa = PBXGroup;
			children = (
				44238AEE25E3FD8300D95E9D /* TwoViewControllers.app */,
				44238B0425E3FD8700D95E9D /* TwoViewControllersTests.xctest */,
				44238B0F25E3FD8700D95E9D /* TwoViewControllersUITests.xctest */,
			);
			name = Products;
			sourceTree = "<group>";
		};
		44238AF025E3FD8300D95E9D /* TwoViewControllers */ = {
			isa = PBXGroup;
			children = (
				44238B3A25E8639300D95E9D /* salad1.jpg */,
				44238B3425E8633300D95E9D /* salad.jpg */,
				44238B3325E8633300D95E9D /* wine.jpg */,
				44238B2E25E4070600D95E9D /* unchecked-checkbox.png */,
				44238B2925E4048000D95E9D /* penne.jpeg */,
				44238AF125E3FD8300D95E9D /* AppDelegate.swift */,
				44238AF325E3FD8300D95E9D /* SceneDelegate.swift */,
				44238AF525E3FD8300D95E9D /* ViewController.swift */,
				44238B2425E4004000D95E9D /* SecondViewController.swift */,
				44238AF725E3FD8300D95E9D /* Main.storyboard */,
				44238AFA25E3FD8700D95E9D /* Assets.xcassets */,
				44238AFC25E3FD8700D95E9D /* LaunchScreen.storyboard */,
				44238AFF25E3FD8700D95E9D /* Info.plist */,
			);
			path = TwoViewControllers;
			sourceTree = "<group>";
		};
		44238B0725E3FD8700D95E9D /* TwoViewControllersTests */ = {
			isa = PBXGroup;
			children = (
				44238B0825E3FD8700D95E9D /* TwoViewControllersTests.swift */,
				44238B0A25E3FD8700D95E9D /* Info.plist */,
			);
			path = TwoViewControllersTests;
			sourceTree = "<group>";
		};
		44238B1225E3FD8700D95E9D /* TwoViewControllersUITests */ = {
			isa = PBXGroup;
			children = (
				44238B1325E3FD8700D95E9D /* TwoViewControllersUITests.swift */,
				44238B1525E3FD8700D95E9D /* Info.plist */,
			);
			path = TwoViewControllersUITests;
			sourceTree = "<group>";
		};
/* End PBXGroup section */

/* Begin PBXNativeTarget section */
		44238AED25E3FD8300D95E9D /* TwoViewControllers */ = {
			isa = PBXNativeTarget;
			buildConfigurationList = 44238B1825E3FD8700D95E9D /* Build configuration list for PBXNativeTarget "TwoViewControllers" */;
			buildPhases = (
				44238AEA25E3FD8300D95E9D /* Sources */,
				44238AEB25E3FD8300D95E9D /* Frameworks */,
				44238AEC25E3FD8300D95E9D /* Resources */,
			);
			buildRules = (
			);
			dependencies = (
			);
			name = TwoViewControllers;
			productName = TwoViewControllers;
			productReference = 44238AEE25E3FD8300D95E9D /* TwoViewControllers.app */;
			productType = "com.apple.product-type.application";
		};
		44238B0325E3FD8700D95E9D /* TwoViewControllersTests */ = {
			isa = PBXNativeTarget;
			buildConfigurationList = 44238B1B25E3FD8700D95E9D /* Build configuration list for PBXNativeTarget "TwoViewControllersTests" */;
			buildPhases = (
				44238B0025E3FD8700D95E9D /* Sources */,
				44238B0125E3FD8700D95E9D /* Frameworks */,
				44238B0225E3FD8700D95E9D /* Resources */,
			);
			buildRules = (
			);
			dependencies = (
				44238B0625E3FD8700D95E9D /* PBXTargetDependency */,
			);
			name = TwoViewControllersTests;
			productName = TwoViewControllersTests;
			productReference = 44238B0425E3FD8700D95E9D /* TwoViewControllersTests.xctest */;
			productType = "com.apple.product-type.bundle.unit-test";
		};
		44238B0E25E3FD8700D95E9D /* TwoViewControllersUITests */ = {
			isa = PBXNativeTarget;
			buildConfigurationList = 44238B1E25E3FD8700D95E9D /* Build configuration list for PBXNativeTarget "TwoViewControllersUITests" */;
			buildPhases = (
				44238B0B25E3FD8700D95E9D /* Sources */,
				44238B0C25E3FD8700D95E9D /* Frameworks */,
				44238B0D25E3FD8700D95E9D /* Resources */,
			);
			buildRules = (
			);
			dependencies = (
				44238B1125E3FD8700D95E9D /* PBXTargetDependency */,
			);
			name = TwoViewControllersUITests;
			productName = TwoViewControllersUITests;
			productReference = 44238B0F25E3FD8700D95E9D /* TwoViewControllersUITests.xctest */;
			productType = "com.apple.product-type.bundle.ui-testing";
		};
/* End PBXNativeTarget section */

/* Begin PBXProject section */
		44238AE625E3FD8300D95E9D /* Project object */ = {
			isa = PBXProject;
			attributes = {
				LastSwiftUpdateCheck = 1230;
				LastUpgradeCheck = 1230;
				TargetAttributes = {
					44238AED25E3FD8300D95E9D = {
						CreatedOnToolsVersion = 12.3;
					};
					44238B0325E3FD8700D95E9D = {
						CreatedOnToolsVersion = 12.3;
						TestTargetID = 44238AED25E3FD8300D95E9D;
					};
					44238B0E25E3FD8700D95E9D = {
						CreatedOnToolsVersion = 12.3;
						TestTargetID = 44238AED25E3FD8300D95E9D;
					};
				};
			};
			buildConfigurationList = 44238AE925E3FD8300D95E9D /* Build configuration list for PBXProject "TwoViewControllers" */;
			compatibilityVersion = "Xcode 9.3";
			developmentRegion = en;
			hasScannedForEncodings = 0;
			knownRegions = (
				en,
				Base,
			);
			mainGroup = 44238AE525E3FD8300D95E9D;
			productRefGroup = 44238AEF25E3FD8300D95E9D /* Products */;
			projectDirPath = "";
			projectRoot = "";
			targets = (
				44238AED25E3FD8300D95E9D /* TwoViewControllers */,
				44238B0325E3FD8700D95E9D /* TwoViewControllersTests */,
				44238B0E25E3FD8700D95E9D /* TwoViewControllersUITests */,
			);
		};
/* End PBXProject section */

/* Begin PBXResourcesBuildPhase section */
		44238AEC25E3FD8300D95E9D /* Resources */ = {
			isa = PBXResourcesBuildPhase;
			buildActionMask = 2147483647;
			files = (
				44238B2A25E4048000D95E9D /* penne.jpeg in Resources */,
				44238AFE25E3FD8700D95E9D /* LaunchScreen.storyboard in Resources */,
				44238AFB25E3FD8700D95E9D /* Assets.xcassets in Resources */,
				44238AF925E3FD8300D95E9D /* Main.storyboard in Resources */,
				44238B3625E8633400D95E9D /* salad.jpg in Resources */,
				44238B3525E8633400D95E9D /* wine.jpg in Resources */,
				44238B2F25E4070600D95E9D /* unchecked-checkbox.png in Resources */,
				44238B3B25E8639300D95E9D /* salad1.jpg in Resources */,
			);
			runOnlyForDeploymentPostprocessing = 0;
		};
		44238B0225E3FD8700D95E9D /* Resources */ = {
			isa = PBXResourcesBuildPhase;
			buildActionMask = 2147483647;
			files = (
			);
			runOnlyForDeploymentPostprocessing = 0;
		};
		44238B0D25E3FD8700D95E9D /* Resources */ = {
			isa = PBXResourcesBuildPhase;
			buildActionMask = 2147483647;
			files = (
			);
			runOnlyForDeploymentPostprocessing = 0;
		};
/* End PBXResourcesBuildPhase section */

/* Begin PBXSourcesBuildPhase section */
		44238AEA25E3FD8300D95E9D /* Sources */ = {
			isa = PBXSourcesBuildPhase;
			buildActionMask = 2147483647;
			files = (
				44238B2525E4004000D95E9D /* SecondViewController.swift in Sources */,
				44238AF625E3FD8300D95E9D /* ViewController.swift in Sources */,
				44238AF225E3FD8300D95E9D /* AppDelegate.swift in Sources */,
				44238AF425E3FD8300D95E9D /* SceneDelegate.swift in Sources */,
			);
			runOnlyForDeploymentPostprocessing = 0;
		};
		44238B0025E3FD8700D95E9D /* Sources */ = {
			isa = PBXSourcesBuildPhase;
			buildActionMask = 2147483647;
			files = (
				44238B0925E3FD8700D95E9D /* TwoViewControllersTests.swift in Sources */,
			);
			runOnlyForDeploymentPostprocessing = 0;
		};
		44238B0B25E3FD8700D95E9D /* Sources */ = {
			isa = PBXSourcesBuildPhase;
			buildActionMask = 2147483647;
			files = (
				44238B1425E3FD8700D95E9D /* TwoViewControllersUITests.swift in Sources */,
			);
			runOnlyForDeploymentPostprocessing = 0;
		};
/* End PBXSourcesBuildPhase section */

/* Begin PBXTargetDependency section */
		44238B0625E3FD8700D95E9D /* PBXTargetDependency */ = {
			isa = PBXTargetDependency;
			target = 44238AED25E3FD8300D95E9D /* TwoViewControllers */;
			targetProxy = 44238B0525E3FD8700D95E9D /* PBXContainerItemProxy */;
		};
		44238B1125E3FD8700D95E9D /* PBXTargetDependency */ = {
			isa = PBXTargetDependency;
			target = 44238AED25E3FD8300D95E9D /* TwoViewControllers */;
			targetProxy = 44238B1025E3FD8700D95E9D /* PBXContainerItemProxy */;
		};
/* End PBXTargetDependency section */

/* Begin PBXVariantGroup section */
		44238AF725E3FD8300D95E9D /* Main.storyboard */ = {
			isa = PBXVariantGroup;
			children = (
				44238AF825E3FD8300D95E9D /* Base */,
			);
			name = Main.storyboard;
			sourceTree = "<group>";
		};
		44238AFC25E3FD8700D95E9D /* LaunchScreen.storyboard */ = {
			isa = PBXVariantGroup;
			children = (
				44238AFD25E3FD8700D95E9D /* Base */,
			);
			name = LaunchScreen.storyboard;
			sourceTree = "<group>";
		};
/* End PBXVariantGroup section */

/* Begin XCBuildConfiguration section */
		44238B1625E3FD8700D95E9D /* Debug */ = {
			isa = XCBuildConfiguration;
			buildSettings = {
				ALWAYS_SEARCH_USER_PATHS = NO;
				CLANG_ANALYZER_NONNULL = YES;
				CLANG_ANALYZER_NUMBER_OBJECT_CONVERSION = YES_AGGRESSIVE;
				CLANG_CXX_LANGUAGE_STANDARD = "gnu++14";
				CLANG_CXX_LIBRARY = "libc++";
				CLANG_ENABLE_MODULES = YES;
				CLANG_ENABLE_OBJC_ARC = YES;
				CLANG_ENABLE_OBJC_WEAK = YES;
				CLANG_WARN_BLOCK_CAPTURE_AUTORELEASING = YES;
				CLANG_WARN_BOOL_CONVERSION = YES;
				CLANG_WARN_COMMA = YES;
				CLANG_WARN_CONSTANT_CONVERSION = YES;
				CLANG_WARN_DEPRECATED_OBJC_IMPLEMENTATIONS = YES;
				CLANG_WARN_DIRECT_OBJC_ISA_USAGE = YES_ERROR;
				CLANG_WARN_DOCUMENTATION_COMMENTS = YES;
				CLANG_WARN_EMPTY_BODY = YES;
				CLANG_WARN_ENUM_CONVERSION = YES;
				CLANG_WARN_INFINITE_RECURSION = YES;
				CLANG_WARN_INT_CONVERSION = YES;
				CLANG_WARN_NON_LITERAL_NULL_CONVERSION = YES;
				CLANG_WARN_OBJC_IMPLICIT_RETAIN_SELF = YES;
				CLANG_WARN_OBJC_LITERAL_CONVERSION = YES;
				CLANG_WARN_OBJC_ROOT_CLASS = YES_ERROR;
				CLANG_WARN_QUOTED_INCLUDE_IN_FRAMEWORK_HEADER = YES;
				CLANG_WARN_RANGE_LOOP_ANALYSIS = YES;
				CLANG_WARN_STRICT_PROTOTYPES = YES;
				CLANG_WARN_SUSPICIOUS_MOVE = YES;
				CLANG_WARN_UNGUARDED_AVAILABILITY = YES_AGGRESSIVE;
				CLANG_WARN_UNREACHABLE_CODE = YES;
				CLANG_WARN__DUPLICATE_METHOD_MATCH = YES;
				COPY_PHASE_STRIP = NO;
				DEBUG_INFORMATION_FORMAT = dwarf;
				ENABLE_STRICT_OBJC_MSGSEND = YES;
				ENABLE_TESTABILITY = YES;
				GCC_C_LANGUAGE_STANDARD = gnu11;
				GCC_DYNAMIC_NO_PIC = NO;
				GCC_NO_COMMON_BLOCKS = YES;
				GCC_OPTIMIZATION_LEVEL = 0;
				GCC_PREPROCESSOR_DEFINITIONS = (
					"DEBUG=1",
					"$(inherited)",
				);
				GCC_WARN_64_TO_32_BIT_CONVERSION = YES;
				GCC_WARN_ABOUT_RETURN_TYPE = YES_ERROR;
				GCC_WARN_UNDECLARED_SELECTOR = YES;
				GCC_WARN_UNINITIALIZED_AUTOS = YES_AGGRESSIVE;
				GCC_WARN_UNUSED_FUNCTION = YES;
				GCC_WARN_UNUSED_VARIABLE = YES;
				IPHONEOS_DEPLOYMENT_TARGET = 14.3;
				MTL_ENABLE_DEBUG_INFO = INCLUDE_SOURCE;
				MTL_FAST_MATH = YES;
				ONLY_ACTIVE_ARCH = YES;
				SDKROOT = iphoneos;
				SWIFT_ACTIVE_COMPILATION_CONDITIONS = DEBUG;
				SWIFT_OPTIMIZATION_LEVEL = "-Onone";
			};
			name = Debug;
		};
		44238B1725E3FD8700D95E9D /* Release */ = {
			isa = XCBuildConfiguration;
			buildSettings = {
				ALWAYS_SEARCH_USER_PATHS = NO;
				CLANG_ANALYZER_NONNULL = YES;
				CLANG_ANALYZER_NUMBER_OBJECT_CONVERSION = YES_AGGRESSIVE;
				CLANG_CXX_LANGUAGE_STANDARD = "gnu++14";
				CLANG_CXX_LIBRARY = "libc++";
				CLANG_ENABLE_MODULES = YES;
				CLANG_ENABLE_OBJC_ARC = YES;
				CLANG_ENABLE_OBJC_WEAK = YES;
				CLANG_WARN_BLOCK_CAPTURE_AUTORELEASING = YES;
				CLANG_WARN_BOOL_CONVERSION = YES;
				CLANG_WARN_COMMA = YES;
				CLANG_WARN_CONSTANT_CONVERSION = YES;
				CLANG_WARN_DEPRECATED_OBJC_IMPLEMENTATIONS = YES;
				CLANG_WARN_DIRECT_OBJC_ISA_USAGE = YES_ERROR;
				CLANG_WARN_DOCUMENTATION_COMMENTS = YES;
				CLANG_WARN_EMPTY_BODY = YES;
				CLANG_WARN_ENUM_CONVERSION = YES;
				CLANG_WARN_INFINITE_RECURSION = YES;
				CLANG_WARN_INT_CONVERSION = YES;
				CLANG_WARN_NON_LITERAL_NULL_CONVERSION = YES;
				CLANG_WARN_OBJC_IMPLICIT_RETAIN_SELF = YES;
				CLANG_WARN_OBJC_LITERAL_CONVERSION = YES;
				CLANG_WARN_OBJC_ROOT_CLASS = YES_ERROR;
				CLANG_WARN_QUOTED_INCLUDE_IN_FRAMEWORK_HEADER = YES;
				CLANG_WARN_RANGE_LOOP_ANALYSIS = YES;
				CLANG_WARN_STRICT_PROTOTYPES = YES;
				CLANG_WARN_SUSPICIOUS_MOVE = YES;
				CLANG_WARN_UNGUARDED_AVAILABILITY = YES_AGGRESSIVE;
				CLANG_WARN_UNREACHABLE_CODE = YES;
				CLANG_WARN__DUPLICATE_METHOD_MATCH = YES;
				COPY_PHASE_STRIP = NO;
				DEBUG_INFORMATION_FORMAT = "dwarf-with-dsym";
				ENABLE_NS_ASSERTIONS = NO;
				ENABLE_STRICT_OBJC_MSGSEND = YES;
				GCC_C_LANGUAGE_STANDARD = gnu11;
				GCC_NO_COMMON_BLOCKS = YES;
				GCC_WARN_64_TO_32_BIT_CONVERSION = YES;
				GCC_WARN_ABOUT_RETURN_TYPE = YES_ERROR;
				GCC_WARN_UNDECLARED_SELECTOR = YES;
				GCC_WARN_UNINITIALIZED_AUTOS = YES_AGGRESSIVE;
				GCC_WARN_UNUSED_FUNCTION = YES;
				GCC_WARN_UNUSED_VARIABLE = YES;
				IPHONEOS_DEPLOYMENT_TARGET = 14.3;
				MTL_ENABLE_DEBUG_INFO = NO;
				MTL_FAST_MATH = YES;
				SDKROOT = iphoneos;
				SWIFT_COMPILATION_MODE = wholemodule;
				SWIFT_OPTIMIZATION_LEVEL = "-O";
				VALIDATE_PRODUCT = YES;
			};
			name = Release;
		};
		44238B1925E3FD8700D95E9D /* Debug */ = {
			isa = XCBuildConfiguration;
			buildSettings = {
				ASSETCATALOG_COMPILER_APPICON_NAME = AppIcon;
				ASSETCATALOG_COMPILER_GLOBAL_ACCENT_COLOR_NAME = AccentColor;
				CODE_SIGN_STYLE = Automatic;
				DEVELOPMENT_TEAM = JWRYL7TNCU;
				INFOPLIST_FILE = TwoViewControllers/Info.plist;
				LD_RUNPATH_SEARCH_PATHS = (
					"$(inherited)",
					"@executable_path/Frameworks",
				);
				PRODUCT_BUNDLE_IDENTIFIER = edu.binghamton.TwoViewControllers;
				PRODUCT_NAME = "$(TARGET_NAME)";
				SWIFT_VERSION = 5.0;
				TARGETED_DEVICE_FAMILY = "1,2";
			};
			name = Debug;
		};
		44238B1A25E3FD8700D95E9D /* Release */ = {
			isa = XCBuildConfiguration;
			buildSettings = {
				ASSETCATALOG_COMPILER_APPICON_NAME = AppIcon;
				ASSETCATALOG_COMPILER_GLOBAL_ACCENT_COLOR_NAME = AccentColor;
				CODE_SIGN_STYLE = Automatic;
				DEVELOPMENT_TEAM = JWRYL7TNCU;
				INFOPLIST_FILE = TwoViewControllers/Info.plist;
				LD_RUNPATH_SEARCH_PATHS = (
					"$(inherited)",
					"@executable_path/Frameworks",
				);
				PRODUCT_BUNDLE_IDENTIFIER = edu.binghamton.TwoViewControllers;
				PRODUCT_NAME = "$(TARGET_NAME)";
				SWIFT_VERSION = 5.0;
				TARGETED_DEVICE_FAMILY = "1,2";
			};
			name = Release;
		};
		44238B1C25E3FD8700D95E9D /* Debug */ = {
			isa = XCBuildConfiguration;
			buildSettings = {
				ALWAYS_EMBED_SWIFT_STANDARD_LIBRARIES = YES;
				BUNDLE_LOADER = "$(TEST_HOST)";
				CODE_SIGN_STYLE = Automatic;
				DEVELOPMENT_TEAM = JWRYL7TNCU;
				INFOPLIST_FILE = TwoViewControllersTests/Info.plist;
				IPHONEOS_DEPLOYMENT_TARGET = 14.3;
				LD_RUNPATH_SEARCH_PATHS = (
					"$(inherited)",
					"@executable_path/Frameworks",
					"@loader_path/Frameworks",
				);
				PRODUCT_BUNDLE_IDENTIFIER = edu.binghamton.TwoViewControllersTests;
				PRODUCT_NAME = "$(TARGET_NAME)";
				SWIFT_VERSION = 5.0;
				TARGETED_DEVICE_FAMILY = "1,2";
				TEST_HOST = "$(BUILT_PRODUCTS_DIR)/TwoViewControllers.app/TwoViewControllers";
			};
			name = Debug;
		};
		44238B1D25E3FD8700D95E9D /* Release */ = {
			isa = XCBuildConfiguration;
			buildSettings = {
				ALWAYS_EMBED_SWIFT_STANDARD_LIBRARIES = YES;
				BUNDLE_LOADER = "$(TEST_HOST)";
				CODE_SIGN_STYLE = Automatic;
				DEVELOPMENT_TEAM = JWRYL7TNCU;
				INFOPLIST_FILE = TwoViewControllersTests/Info.plist;
				IPHONEOS_DEPLOYMENT_TARGET = 14.3;
				LD_RUNPATH_SEARCH_PATHS = (
					"$(inherited)",
					"@executable_path/Frameworks",
					"@loader_path/Frameworks",
				);
				PRODUCT_BUNDLE_IDENTIFIER = edu.binghamton.TwoViewControllersTests;
				PRODUCT_NAME = "$(TARGET_NAME)";
				SWIFT_VERSION = 5.0;
				TARGETED_DEVICE_FAMILY = "1,2";
				TEST_HOST = "$(BUILT_PRODUCTS_DIR)/TwoViewControllers.app/TwoViewControllers";
			};
			name = Release;
		};
		44238B1F25E3FD8700D95E9D /* Debug */ = {
			isa = XCBuildConfiguration;
			buildSettings = {
				ALWAYS_EMBED_SWIFT_STANDARD_LIBRARIES = YES;
				CODE_SIGN_STYLE = Automatic;
				DEVELOPMENT_TEAM = JWRYL7TNCU;
				INFOPLIST_FILE = TwoViewControllersUITests/Info.plist;
				LD_RUNPATH_SEARCH_PATHS = (
					"$(inherited)",
					"@executable_path/Frameworks",
					"@loader_path/Frameworks",
				);
				PRODUCT_BUNDLE_IDENTIFIER = edu.binghamton.TwoViewControllersUITests;
				PRODUCT_NAME = "$(TARGET_NAME)";
				SWIFT_VERSION = 5.0;
				TARGETED_DEVICE_FAMILY = "1,2";
				TEST_TARGET_NAME = TwoViewControllers;
			};
			name = Debug;
		};
		44238B2025E3FD8700D95E9D /* Release */ = {
			isa = XCBuildConfiguration;
			buildSettings = {
				ALWAYS_EMBED_SWIFT_STANDARD_LIBRARIES = YES;
				CODE_SIGN_STYLE = Automatic;
				DEVELOPMENT_TEAM = JWRYL7TNCU;
				INFOPLIST_FILE = TwoViewControllersUITests/Info.plist;
				LD_RUNPATH_SEARCH_PATHS = (
					"$(inherited)",
					"@executable_path/Frameworks",
					"@loader_path/Frameworks",
				);
				PRODUCT_BUNDLE_IDENTIFIER = edu.binghamton.TwoViewControllersUITests;
				PRODUCT_NAME = "$(TARGET_NAME)";
				SWIFT_VERSION = 5.0;
				TARGETED_DEVICE_FAMILY = "1,2";
				TEST_TARGET_NAME = TwoViewControllers;
			};
			name = Release;
		};
/* End XCBuildConfiguration section */

/* Begin XCConfigurationList section */
		44238AE925E3FD8300D95E9D /* Build configuration list for PBXProject "TwoViewControllers" */ = {
			isa = XCConfigurationList;
			buildConfigurations = (
				44238B1625E3FD8700D95E9D /* Debug */,
				44238B1725E3FD8700D95E9D /* Release */,
			);
			defaultConfigurationIsVisible = 0;
			defaultConfigurationName = Release;
		};
		44238B1825E3FD8700D95E9D /* Build configuration list for PBXNativeTarget "TwoViewControllers" */ = {
			isa = XCConfigurationList;
			buildConfigurations = (
				44238B1925E3FD8700D95E9D /* Debug */,
				44238B1A25E3FD8700D95E9D /* Release */,
			);
			defaultConfigurationIsVisible = 0;
			defaultConfigurationName = Release;
		};
		44238B1B25E3FD8700D95E9D /* Build configuration list for PBXNativeTarget "TwoViewControllersTests" */ = {
			isa = XCConfigurationList;
			buildConfigurations = (
				44238B1C25E3FD8700D95E9D /* Debug */,
				44238B1D25E3FD8700D95E9D /* Release */,
			);
			defaultConfigurationIsVisible = 0;
			defaultConfigurationName = Release;
		};
		44238B1E25E3FD8700D95E9D /* Build configuration list for PBXNativeTarget "TwoViewControllersUITests" */ = {
			isa = XCConfigurationList;
			buildConfigurations = (
				44238B1F25E3FD8700D95E9D /* Debug */,
				44238B2025E3FD8700D95E9D /* Release */,
			);
			defaultConfigurationIsVisible = 0;
			defaultConfigurationName = Release;
		};
/* End XCConfigurationList section */
	};
	rootObject = 44238AE625E3FD8300D95E9D /* Project object */;
}
